
Microsoft Visual Studio Solution File, Format Version 12.00
# Visual Studio 15
Project("{FAE04EC0-301F-11D3-BF4B-00C04F79EFBC}") = "dif2", "dif2\dif2.csproj", "{1C70DB71-FC6C-4D50-9B7F-238FA0F3FCFC}"
EndProject
Global
	GlobalSection(SolutionConfigurationPlatforms) = preSolution
		Debug|Any CPU = Debug|Any CPU
		Release|Any CPU = Release|Any CPU
	EndGlobalSection
	GlobalSection(ProjectConfigurationPlatforms) = postSolution
		{1C70DB71-FC6C-4D50-9B7F-238FA0F3FCFC}.Debug|Any CPU.ActiveCfg = Debug|Any CPU
		{1C70DB71-FC6C-4D50-9B7F-238FA0F3FCFC}.Debug|Any CPU.Build.0 = Debug|Any CPU
		{1C70DB71-FC6C-4D50-9B7F-238FA0F3FCFC}.Release|Any CPU.ActiveCfg = Release|Any CPU
		{1C70DB71-FC6C-4D50-9B7F-238FA0F3FCFC}.Release|Any CPU.Build.0 = Release|Any CPU
	EndGlobalSection
EndGlobal
